
Microsoft Visual Studio Solution File, Format Version 12.00
Project("{FAE04EC0-301F-11D3-BF4B-00C04F79EFBC}") = "Duende.Documentation.Mcp.Server", "src\Duende.Documentation.Mcp.Server\Duende.Documentation.Mcp.Server.csproj", "{77ABDCC6-CE90-48DB-92F9-C5196A4A703A}"
EndProject
Project("{2150E333-8FDC-42A3-9474-1A3956D46DE8}") = "_", "_", "{043ECBC2-3F36-41B3-97FA-B89C91ECEEF8}"
	ProjectSection(SolutionItems) = preProject
		README.md = README.md
	EndProjectSection
EndProject
Project("{2150E333-8FDC-42A3-9474-1A3956D46DE8}") = ".config", ".config", "{67AE9E59-B4E8-4D11-BA48-2228BFB217D6}"
	ProjectSection(SolutionItems) = preProject
		.config\dotnet-tools.json = .config\dotnet-tools.json
	EndProjectSection
EndProject
Global
	GlobalSection(SolutionConfigurationPlatforms) = preSolution
		Debug|Any CPU = Debug|Any CPU
		Release|Any CPU = Release|Any CPU
	EndGlobalSection
	GlobalSection(ProjectConfigurationPlatforms) = postSolution
		{77ABDCC6-CE90-48DB-92F9-C5196A4A703A}.Debug|Any CPU.ActiveCfg = Debug|Any CPU
		{77ABDCC6-CE90-48DB-92F9-C5196A4A703A}.Debug|Any CPU.Build.0 = Debug|Any CPU
		{77ABDCC6-CE90-48DB-92F9-C5196A4A703A}.Release|Any CPU.ActiveCfg = Release|Any CPU
		{77ABDCC6-CE90-48DB-92F9-C5196A4A703A}.Release|Any CPU.Build.0 = Release|Any CPU
	EndGlobalSection
	GlobalSection(NestedProjects) = preSolution
		{67AE9E59-B4E8-4D11-BA48-2228BFB217D6} = {043ECBC2-3F36-41B3-97FA-B89C91ECEEF8}
	EndGlobalSection
EndGlobal
